
Microsoft Visual Studio Solution File, Format Version 12.00
# Visual Studio Version 17
VisualStudioVersion = 17.14.36429.23
MinimumVisualStudioVersion = 10.0.40219.1
Project("{2150E333-8FDC-42A3-9474-1A3956D46DE8}") = "Task0", "Task0", "{02EA681E-C7D8-13C7-8484-4AC65E1B71E8}"
EndProject
Project("{FAE04EC0-301F-11D3-BF4B-00C04F79EFBC}") = "Tyuiu.GurinchukAV.Sprint1.Task0.V8", "Tyuiu.GurinchukAV.Sprint1.Task0.V8\Tyuiu.GurinchukAV.Sprint1.Task0.V8.csproj", "{56635F6B-5480-44A7-9133-E760B8DC668E}"
EndProject
Project("{FAE04EC0-301F-11D3-BF4B-00C04F79EFBC}") = "Tyuiu.GurinchukAV.Sprint1.Task0.V8.Lib", "Tyuiu.GurinchukAV.Sprint1.Task0.V8.Lib\Tyuiu.GurinchukAV.Sprint1.Task0.V8.Lib.csproj", "{B3F3F433-3027-4A84-A6CD-D909C12DE6A0}"
EndProject
Project("{FAE04EC0-301F-11D3-BF4B-00C04F79EFBC}") = "Tyuiu.GurinchukAV.Sprint1.Task0.V8.Test", "Tyuiu.GurinchukAV.Sprint1.Task0.V8.Test\Tyuiu.GurinchukAV.Sprint1.Task0.V8.Test.csproj", "{08BDA672-C29E-4E85-96E9-86BBA525815D}"
EndProject
Project("{2150E333-8FDC-42A3-9474-1A3956D46DE8}") = "Task1", "Task1", "{52759097-B9EF-4F44-B673-AF395A35CB79}"
EndProject
Project("{FAE04EC0-301F-11D3-BF4B-00C04F79EFBC}") = "Tyuiu.GurinchukAV.Sprint1.Task1.V11", "Tyuiu.GurinchukAV.Sprint1.Task1.V11\Tyuiu.GurinchukAV.Sprint1.Task1.V11.csproj", "{5EB5FA81-EA63-4B20-86BD-8C71A141DDE6}"
EndProject
Project("{FAE04EC0-301F-11D3-BF4B-00C04F79EFBC}") = "Tyuiu.GurinchukAV.Sprint1.Task1.V11.Lib", "Tyuiu.GurinchukAV.Sprint1.Task1.V11.Lib\Tyuiu.GurinchukAV.Sprint1.Task1.V11.Lib.csproj", "{AE1D1058-32BA-4042-960C-7A63290E5474}"
EndProject
Project("{FAE04EC0-301F-11D3-BF4B-00C04F79EFBC}") = "Tyuiu.GurinchukAV.Sprint1.Task1.V11.Test", "Tyuiu.GurinchukAV.Sprint1.Task1.V11.Test\Tyuiu.GurinchukAV.Sprint1.Task1.V11.Test.csproj", "{99A6090C-9EB5-4D6E-9C8D-8F62809F15BD}"
EndProject
Project("{2150E333-8FDC-42A3-9474-1A3956D46DE8}") = "Task2", "Task2", "{010E8DE8-65BB-4DD7-A074-D382ABBC6753}"
EndProject
Project("{FAE04EC0-301F-11D3-BF4B-00C04F79EFBC}") = "Tyuiu.GurinchukAV.Sprint1.Task2.V14", "Tyuiu.GurinchukAV.Sprint1.Task2.V14\Tyuiu.GurinchukAV.Sprint1.Task2.V14.csproj", "{729ED79E-E2B0-4221-BD7B-1505662E6020}"
EndProject
Project("{FAE04EC0-301F-11D3-BF4B-00C04F79EFBC}") = "Tyuiu.GurinchukAV.Sprint1.Task2.V14.Lib", "Tyuiu.GurinchukAV.Sprint1.Task2.V14.Lib\Tyuiu.GurinchukAV.Sprint1.Task2.V14.Lib.csproj", "{763DE0B5-33EA-4C94-97CA-DE35D6D17183}"
EndProject
Project("{FAE04EC0-301F-11D3-BF4B-00C04F79EFBC}") = "Tyuiu.GurinchukAV.Sprint1.Task2.V14.Test", "Tyuiu.GurinchukAV.Sprint1.Task2.V14.Test\Tyuiu.GurinchukAV.Sprint1.Task2.V14.Test.csproj", "{0FD24E8B-3227-436F-89F5-7C125FBE98E6}"
EndProject
Project("{2150E333-8FDC-42A3-9474-1A3956D46DE8}") = "Task3", "Task3", "{BE0863C9-6290-4736-A344-8B42CB2D55A8}"
EndProject
Project("{FAE04EC0-301F-11D3-BF4B-00C04F79EFBC}") = "Tyuiu.GurinchukAV.Sprint1.Task3.V2", "Tyuiu.GurinchukAV.Sprint1.Task3.V2\Tyuiu.GurinchukAV.Sprint1.Task3.V2.csproj", "{5F442A68-B76F-4ADE-A01B-AD51F0FEF4C1}"
EndProject
Project("{FAE04EC0-301F-11D3-BF4B-00C04F79EFBC}") = "Tyuiu.GurinchukAV.Sprint1.Task3.V2.Lib", "Tyuiu.GurinchukAV.Sprint1.Task3.V2.Lib\Tyuiu.GurinchukAV.Sprint1.Task3.V2.Lib.csproj", "{E3EB3C3E-5300-4EA9-B0D0-1A4D76B88F0A}"
EndProject
Project("{FAE04EC0-301F-11D3-BF4B-00C04F79EFBC}") = "Tyuiu.GurinchukAV.Sprint1.Task3.V2.Test", "Tyuiu.GurinchukAV.Sprint1.Task3.V2.Test\Tyuiu.GurinchukAV.Sprint1.Task3.V2.Test.csproj", "{0E2A6719-3892-4C60-83E7-8521423B7B8B}"
EndProject
Project("{2150E333-8FDC-42A3-9474-1A3956D46DE8}") = "Task4", "Task4", "{F8F2533E-6E48-4472-AE31-9C20C1B88D39}"
EndProject
Project("{FAE04EC0-301F-11D3-BF4B-00C04F79EFBC}") = "Tyuiu.GurinchukAV.Sprint1.Task4.V23", "Tyuiu.GurinchukAV.Sprint1.Task4.V23\Tyuiu.GurinchukAV.Sprint1.Task4.V23.csproj", "{6EEEE863-E0ED-4CA7-9948-5538BC8FF350}"
EndProject
Project("{FAE04EC0-301F-11D3-BF4B-00C04F79EFBC}") = "Tyuiu.GurinchukAV.Sprint1.Task4.V23.Lib", "Tyuiu.GurinchukAV.Sprint1.Task4.V23.Lib\Tyuiu.GurinchukAV.Sprint1.Task4.V23.Lib.csproj", "{DB631CC2-28D5-4256-AFEE-557E751402C9}"
EndProject
Project("{FAE04EC0-301F-11D3-BF4B-00C04F79EFBC}") = "Tyuiu.GurinchukAV.Sprint1.Task4.V23.Test", "Tyuiu.GurinchukAV.Sprint1.Task4.V23.Test\Tyuiu.GurinchukAV.Sprint1.Task4.V23.Test.csproj", "{1EA1C7FF-4B3E-4160-BCEC-772AC4A04F3F}"
EndProject
Project("{2150E333-8FDC-42A3-9474-1A3956D46DE8}") = "Task5", "Task5", "{A8B0670F-775E-4847-BB7F-A9F9108D61AE}"
EndProject
Project("{FAE04EC0-301F-11D3-BF4B-00C04F79EFBC}") = "Tyuiu.GurinchukAV.Sprint1.Task5.V7", "Tyuiu.GurinchukAV.Sprint1.Task5.V7\Tyuiu.GurinchukAV.Sprint1.Task5.V7.csproj", "{AFAA404B-A8D7-4DD1-9D0F-BB43856EE888}"
EndProject
Project("{FAE04EC0-301F-11D3-BF4B-00C04F79EFBC}") = "Tyuiu.GurinchukAV.Sprint1.Task5.V7.Lib", "Tyuiu.GurinchukAV.Sprint1.Task5.V7.Lib\Tyuiu.GurinchukAV.Sprint1.Task5.V7.Lib.csproj", "{04162B49-F0FC-438E-B09C-AF016B4DDBA9}"
EndProject
Project("{FAE04EC0-301F-11D3-BF4B-00C04F79EFBC}") = "Tyuiu.GurinchukAV.Sprint1.Task5.V7.Test", "Tyuiu.GurinchukAV.Sprint1.Task5.V7.Test\Tyuiu.GurinchukAV.Sprint1.Task5.V7.Test.csproj", "{5D6A38D4-292B-4721-999D-3778BA59C8F5}"
EndProject
Project("{2150E333-8FDC-42A3-9474-1A3956D46DE8}") = "Task6", "Task6", "{AB43F6B1-2392-4A64-9FD5-A3644EA58101}"
EndProject
Project("{FAE04EC0-301F-11D3-BF4B-00C04F79EFBC}") = "Tyuiu.GurinchukAV.Sprint1.Task6.V7", "Tyuiu.GurinchukAV.Sprint1.Task6.V7\Tyuiu.GurinchukAV.Sprint1.Task6.V7.csproj", "{C2167180-305E-4475-A36C-8D6DA4227881}"
EndProject
Project("{FAE04EC0-301F-11D3-BF4B-00C04F79EFBC}") = "Tyuiu.GurinchukAV.Sprint1.Task6.V7.Lib", "Tyuiu.GurinchukAV.Sprint1.Task6.V7.Lib\Tyuiu.GurinchukAV.Sprint1.Task6.V7.Lib.csproj", "{4E548D6C-4D88-46DE-A59E-63D3EC9D4ACA}"
EndProject
Project("{FAE04EC0-301F-11D3-BF4B-00C04F79EFBC}") = "Tyuiu.GurinchukAV.Sprint1.Task6.V7.Test", "Tyuiu.GurinchukAV.Sprint1.Task6.V7.Test\Tyuiu.GurinchukAV.Sprint1.Task6.V7.Test.csproj", "{1BE17D0E-6116-4709-B332-7DDF27AE6C64}"
EndProject
Project("{2150E333-8FDC-42A3-9474-1A3956D46DE8}") = "Task7", "Task7", "{58EB08B7-3444-44FD-BCB9-640F0981B0E0}"
EndProject
Project("{FAE04EC0-301F-11D3-BF4B-00C04F79EFBC}") = "Tyuiu.GurinchukAV.Sprint1.Task7.V27", "Tyuiu.GurinchukAV.Sprint1.Task7.V27\Tyuiu.GurinchukAV.Sprint1.Task7.V27.csproj", "{2A61F6F3-9DF5-49E8-824D-6F228F071838}"
EndProject
Project("{FAE04EC0-301F-11D3-BF4B-00C04F79EFBC}") = "Tyuiu.GurinchukAV.Sprint1.Task7.V27.Lib", "Tyuiu.GurinchukAV.Sprint1.Task7.V27.Lib\Tyuiu.GurinchukAV.Sprint1.Task7.V27.Lib.csproj", "{4F0342A3-2F09-4406-BA2A-08ABE82AC680}"
EndProject
Project("{FAE04EC0-301F-11D3-BF4B-00C04F79EFBC}") = "Tyuiu.GurinchukAV.Sprint1.Task7.V27.Test", "Tyuiu.GurinchukAV.Sprint1.Task7.V27.Test\Tyuiu.GurinchukAV.Sprint1.Task7.V27.Test.csproj", "{2BC86878-4401-43A6-A9C1-8D87FF7D9285}"
EndProject
Global
	GlobalSection(SolutionConfigurationPlatforms) = preSolution
		Debug|Any CPU = Debug|Any CPU
		Release|Any CPU = Release|Any CPU
	EndGlobalSection
	GlobalSection(ProjectConfigurationPlatforms) = postSolution
		{56635F6B-5480-44A7-9133-E760B8DC668E}.Debug|Any CPU.ActiveCfg = Debug|Any CPU
		{56635F6B-5480-44A7-9133-E760B8DC668E}.Debug|Any CPU.Build.0 = Debug|Any CPU
		{56635F6B-5480-44A7-9133-E760B8DC668E}.Release|Any CPU.ActiveCfg = Release|Any CPU
		{56635F6B-5480-44A7-9133-E760B8DC668E}.Release|Any CPU.Build.0 = Release|Any CPU
		{B3F3F433-3027-4A84-A6CD-D909C12DE6A0}.Debug|Any CPU.ActiveCfg = Debug|Any CPU
		{B3F3F433-3027-4A84-A6CD-D909C12DE6A0}.Debug|Any CPU.Build.0 = Debug|Any CPU
		{B3F3F433-3027-4A84-A6CD-D909C12DE6A0}.Release|Any CPU.ActiveCfg = Release|Any CPU
		{B3F3F433-3027-4A84-A6CD-D909C12DE6A0}.Release|Any CPU.Build.0 = Release|Any CPU
		{08BDA672-C29E-4E85-96E9-86BBA525815D}.Debug|Any CPU.ActiveCfg = Debug|Any CPU
		{08BDA672-C29E-4E85-96E9-86BBA525815D}.Debug|Any CPU.Build.0 = Debug|Any CPU
		{08BDA672-C29E-4E85-96E9-86BBA525815D}.Release|Any CPU.ActiveCfg = Release|Any CPU
		{08BDA672-C29E-4E85-96E9-86BBA525815D}.Release|Any CPU.Build.0 = Release|Any CPU
		{5EB5FA81-EA63-4B20-86BD-8C71A141DDE6}.Debug|Any CPU.ActiveCfg = Debug|Any CPU
		{5EB5FA81-EA63-4B20-86BD-8C71A141DDE6}.Debug|Any CPU.Build.0 = Debug|Any CPU
		{5EB5FA81-EA63-4B20-86BD-8C71A141DDE6}.Release|Any CPU.ActiveCfg = Release|Any CPU
		{5EB5FA81-EA63-4B20-86BD-8C71A141DDE6}.Release|Any CPU.Build.0 = Release|Any CPU
		{AE1D1058-32BA-4042-960C-7A63290E5474}.Debug|Any CPU.ActiveCfg = Debug|Any CPU
		{AE1D1058-32BA-4042-960C-7A63290E5474}.Debug|Any CPU.Build.0 = Debug|Any CPU
		{AE1D1058-32BA-4042-960C-7A63290E5474}.Release|Any CPU.ActiveCfg = Release|Any CPU
		{AE1D1058-32BA-4042-960C-7A63290E5474}.Release|Any CPU.Build.0 = Release|Any CPU
		{99A6090C-9EB5-4D6E-9C8D-8F62809F15BD}.Debug|Any CPU.ActiveCfg = Debug|Any CPU
		{99A6090C-9EB5-4D6E-9C8D-8F62809F15BD}.Debug|Any CPU.Build.0 = Debug|Any CPU
		{99A6090C-9EB5-4D6E-9C8D-8F62809F15BD}.Release|Any CPU.ActiveCfg = Release|Any CPU
		{99A6090C-9EB5-4D6E-9C8D-8F62809F15BD}.Release|Any CPU.Build.0 = Release|Any CPU
		{729ED79E-E2B0-4221-BD7B-1505662E6020}.Debug|Any CPU.ActiveCfg = Debug|Any CPU
		{729ED79E-E2B0-4221-BD7B-1505662E6020}.Debug|Any CPU.Build.0 = Debug|Any CPU
		{729ED79E-E2B0-4221-BD7B-1505662E6020}.Release|Any CPU.ActiveCfg = Release|Any CPU
		{729ED79E-E2B0-4221-BD7B-1505662E6020}.Release|Any CPU.Build.0 = Release|Any CPU
		{763DE0B5-33EA-4C94-97CA-DE35D6D17183}.Debug|Any CPU.ActiveCfg = Debug|Any CPU
		{763DE0B5-33EA-4C94-97CA-DE35D6D17183}.Debug|Any CPU.Build.0 = Debug|Any CPU
		{763DE0B5-33EA-4C94-97CA-DE35D6D17183}.Release|Any CPU.ActiveCfg = Release|Any CPU
		{763DE0B5-33EA-4C94-97CA-DE35D6D17183}.Release|Any CPU.Build.0 = Release|Any CPU
		{0FD24E8B-3227-436F-89F5-7C125FBE98E6}.Debug|Any CPU.ActiveCfg = Debug|Any CPU
		{0FD24E8B-3227-436F-89F5-7C125FBE98E6}.Debug|Any CPU.Build.0 = Debug|Any CPU
		{0FD24E8B-3227-436F-89F5-7C125FBE98E6}.Release|Any CPU.ActiveCfg = Release|Any CPU
		{0FD24E8B-3227-436F-89F5-7C125FBE98E6}.Release|Any CPU.Build.0 = Release|Any CPU
		{5F442A68-B76F-4ADE-A01B-AD51F0FEF4C1}.Debug|Any CPU.ActiveCfg = Debug|Any CPU
		{5F442A68-B76F-4ADE-A01B-AD51F0FEF4C1}.Debug|Any CPU.Build.0 = Debug|Any CPU
		{5F442A68-B76F-4ADE-A01B-AD51F0FEF4C1}.Release|Any CPU.ActiveCfg = Release|Any CPU
		{5F442A68-B76F-4ADE-A01B-AD51F0FEF4C1}.Release|Any CPU.Build.0 = Release|Any CPU
		{E3EB3C3E-5300-4EA9-B0D0-1A4D76B88F0A}.Debug|Any CPU.ActiveCfg = Debug|Any CPU
		{E3EB3C3E-5300-4EA9-B0D0-1A4D76B88F0A}.Debug|Any CPU.Build.0 = Debug|Any CPU
		{E3EB3C3E-5300-4EA9-B0D0-1A4D76B88F0A}.Release|Any CPU.ActiveCfg = Release|Any CPU
		{E3EB3C3E-5300-4EA9-B0D0-1A4D76B88F0A}.Release|Any CPU.Build.0 = Release|Any CPU
		{0E2A6719-3892-4C60-83E7-8521423B7B8B}.Debug|Any CPU.ActiveCfg = Debug|Any CPU
		{0E2A6719-3892-4C60-83E7-8521423B7B8B}.Debug|Any CPU.Build.0 = Debug|Any CPU
		{0E2A6719-3892-4C60-83E7-8521423B7B8B}.Release|Any CPU.ActiveCfg = Release|Any CPU
		{0E2A6719-3892-4C60-83E7-8521423B7B8B}.Release|Any CPU.Build.0 = Release|Any CPU
		{6EEEE863-E0ED-4CA7-9948-5538BC8FF350}.Debug|Any CPU.ActiveCfg = Debug|Any CPU
		{6EEEE863-E0ED-4CA7-9948-5538BC8FF350}.Debug|Any CPU.Build.0 = Debug|Any CPU
		{6EEEE863-E0ED-4CA7-9948-5538BC8FF350}.Release|Any CPU.ActiveCfg = Release|Any CPU
		{6EEEE863-E0ED-4CA7-9948-5538BC8FF350}.Release|Any CPU.Build.0 = Release|Any CPU
		{DB631CC2-28D5-4256-AFEE-557E751402C9}.Debug|Any CPU.ActiveCfg = Debug|Any CPU
		{DB631CC2-28D5-4256-AFEE-557E751402C9}.Debug|Any CPU.Build.0 = Debug|Any CPU
		{DB631CC2-28D5-4256-AFEE-557E751402C9}.Release|Any CPU.ActiveCfg = Release|Any CPU
		{DB631CC2-28D5-4256-AFEE-557E751402C9}.Release|Any CPU.Build.0 = Release|Any CPU
		{1EA1C7FF-4B3E-4160-BCEC-772AC4A04F3F}.Debug|Any CPU.ActiveCfg = Debug|Any CPU
		{1EA1C7FF-4B3E-4160-BCEC-772AC4A04F3F}.Debug|Any CPU.Build.0 = Debug|Any CPU
		{1EA1C7FF-4B3E-4160-BCEC-772AC4A04F3F}.Release|Any CPU.ActiveCfg = Release|Any CPU
		{1EA1C7FF-4B3E-4160-BCEC-772AC4A04F3F}.Release|Any CPU.Build.0 = Release|Any CPU
		{AFAA404B-A8D7-4DD1-9D0F-BB43856EE888}.Debug|Any CPU.ActiveCfg = Debug|Any CPU
		{AFAA404B-A8D7-4DD1-9D0F-BB43856EE888}.Debug|Any CPU.Build.0 = Debug|Any CPU
		{AFAA404B-A8D7-4DD1-9D0F-BB43856EE888}.Release|Any CPU.ActiveCfg = Release|Any CPU
		{AFAA404B-A8D7-4DD1-9D0F-BB43856EE888}.Release|Any CPU.Build.0 = Release|Any CPU
		{04162B49-F0FC-438E-B09C-AF016B4DDBA9}.Debug|Any CPU.ActiveCfg = Debug|Any CPU
		{04162B49-F0FC-438E-B09C-AF016B4DDBA9}.Debug|Any CPU.Build.0 = Debug|Any CPU
		{04162B49-F0FC-438E-B09C-AF016B4DDBA9}.Release|Any CPU.ActiveCfg = Release|Any CPU
		{04162B49-F0FC-438E-B09C-AF016B4DDBA9}.Release|Any CPU.Build.0 = Release|Any CPU
		{5D6A38D4-292B-4721-999D-3778BA59C8F5}.Debug|Any CPU.ActiveCfg = Debug|Any CPU
		{5D6A38D4-292B-4721-999D-3778BA59C8F5}.Debug|Any CPU.Build.0 = Debug|Any CPU
		{5D6A38D4-292B-4721-999D-3778BA59C8F5}.Release|Any CPU.ActiveCfg = Release|Any CPU
		{5D6A38D4-292B-4721-999D-3778BA59C8F5}.Release|Any CPU.Build.0 = Release|Any CPU
		{C2167180-305E-4475-A36C-8D6DA4227881}.Debug|Any CPU.ActiveCfg = Debug|Any CPU
		{C2167180-305E-4475-A36C-8D6DA4227881}.Debug|Any CPU.Build.0 = Debug|Any CPU
		{C2167180-305E-4475-A36C-8D6DA4227881}.Release|Any CPU.ActiveCfg = Release|Any CPU
		{C2167180-305E-4475-A36C-8D6DA4227881}.Release|Any CPU.Build.0 = Release|Any CPU
		{4E548D6C-4D88-46DE-A59E-63D3EC9D4ACA}.Debug|Any CPU.ActiveCfg = Debug|Any CPU
		{4E548D6C-4D88-46DE-A59E-63D3EC9D4ACA}.Debug|Any CPU.Build.0 = Debug|Any CPU
		{4E548D6C-4D88-46DE-A59E-63D3EC9D4ACA}.Release|Any CPU.ActiveCfg = Release|Any CPU
		{4E548D6C-4D88-46DE-A59E-63D3EC9D4ACA}.Release|Any CPU.Build.0 = Release|Any CPU
		{1BE17D0E-6116-4709-B332-7DDF27AE6C64}.Debug|Any CPU.ActiveCfg = Debug|Any CPU
		{1BE17D0E-6116-4709-B332-7DDF27AE6C64}.Debug|Any CPU.Build.0 = Debug|Any CPU
		{1BE17D0E-6116-4709-B332-7DDF27AE6C64}.Release|Any CPU.ActiveCfg = Release|Any CPU
		{1BE17D0E-6116-4709-B332-7DDF27AE6C64}.Release|Any CPU.Build.0 = Release|Any CPU
		{2A61F6F3-9DF5-49E8-824D-6F228F071838}.Debug|Any CPU.ActiveCfg = Debug|Any CPU
		{2A61F6F3-9DF5-49E8-824D-6F228F071838}.Debug|Any CPU.Build.0 = Debug|Any CPU
		{2A61F6F3-9DF5-49E8-824D-6F228F071838}.Release|Any CPU.ActiveCfg = Release|Any CPU
		{2A61F6F3-9DF5-49E8-824D-6F228F071838}.Release|Any CPU.Build.0 = Release|Any CPU
		{4F0342A3-2F09-4406-BA2A-08ABE82AC680}.Debug|Any CPU.ActiveCfg = Debug|Any CPU
		{4F0342A3-2F09-4406-BA2A-08ABE82AC680}.Debug|Any CPU.Build.0 = Debug|Any CPU
		{4F0342A3-2F09-4406-BA2A-08ABE82AC680}.Release|Any CPU.ActiveCfg = Release|Any CPU
		{4F0342A3-2F09-4406-BA2A-08ABE82AC680}.Release|Any CPU.Build.0 = Release|Any CPU
		{2BC86878-4401-43A6-A9C1-8D87FF7D9285}.Debug|Any CPU.ActiveCfg = Debug|Any CPU
		{2BC86878-4401-43A6-A9C1-8D87FF7D9285}.Debug|Any CPU.Build.0 = Debug|Any CPU
		{2BC86878-4401-43A6-A9C1-8D87FF7D9285}.Release|Any CPU.ActiveCfg = Release|Any CPU
		{2BC86878-4401-43A6-A9C1-8D87FF7D9285}.Release|Any CPU.Build.0 = Release|Any CPU
	EndGlobalSection
	GlobalSection(SolutionProperties) = preSolution
		HideSolutionNode = FALSE
	EndGlobalSection
	GlobalSection(NestedProjects) = preSolution
		{56635F6B-5480-44A7-9133-E760B8DC668E} = {02EA681E-C7D8-13C7-8484-4AC65E1B71E8}
		{B3F3F433-3027-4A84-A6CD-D909C12DE6A0} = {02EA681E-C7D8-13C7-8484-4AC65E1B71E8}
		{08BDA672-C29E-4E85-96E9-86BBA525815D} = {02EA681E-C7D8-13C7-8484-4AC65E1B71E8}
		{5EB5FA81-EA63-4B20-86BD-8C71A141DDE6} = {52759097-B9EF-4F44-B673-AF395A35CB79}
		{AE1D1058-32BA-4042-960C-7A63290E5474} = {52759097-B9EF-4F44-B673-AF395A35CB79}
		{99A6090C-9EB5-4D6E-9C8D-8F62809F15BD} = {52759097-B9EF-4F44-B673-AF395A35CB79}
		{729ED79E-E2B0-4221-BD7B-1505662E6020} = {010E8DE8-65BB-4DD7-A074-D382ABBC6753}
		{763DE0B5-33EA-4C94-97CA-DE35D6D17183} = {010E8DE8-65BB-4DD7-A074-D382ABBC6753}
		{0FD24E8B-3227-436F-89F5-7C125FBE98E6} = {010E8DE8-65BB-4DD7-A074-D382ABBC6753}
		{5F442A68-B76F-4ADE-A01B-AD51F0FEF4C1} = {BE0863C9-6290-4736-A344-8B42CB2D55A8}
		{E3EB3C3E-5300-4EA9-B0D0-1A4D76B88F0A} = {BE0863C9-6290-4736-A344-8B42CB2D55A8}
		{0E2A6719-3892-4C60-83E7-8521423B7B8B} = {BE0863C9-6290-4736-A344-8B42CB2D55A8}
		{6EEEE863-E0ED-4CA7-9948-5538BC8FF350} = {F8F2533E-6E48-4472-AE31-9C20C1B88D39}
		{DB631CC2-28D5-4256-AFEE-557E751402C9} = {F8F2533E-6E48-4472-AE31-9C20C1B88D39}
		{1EA1C7FF-4B3E-4160-BCEC-772AC4A04F3F} = {F8F2533E-6E48-4472-AE31-9C20C1B88D39}
		{AFAA404B-A8D7-4DD1-9D0F-BB43856EE888} = {A8B0670F-775E-4847-BB7F-A9F9108D61AE}
		{04162B49-F0FC-438E-B09C-AF016B4DDBA9} = {A8B0670F-775E-4847-BB7F-A9F9108D61AE}
		{5D6A38D4-292B-4721-999D-3778BA59C8F5} = {A8B0670F-775E-4847-BB7F-A9F9108D61AE}
		{C2167180-305E-4475-A36C-8D6DA4227881} = {AB43F6B1-2392-4A64-9FD5-A3644EA58101}
		{4E548D6C-4D88-46DE-A59E-63D3EC9D4ACA} = {AB43F6B1-2392-4A64-9FD5-A3644EA58101}
		{1BE17D0E-6116-4709-B332-7DDF27AE6C64} = {AB43F6B1-2392-4A64-9FD5-A3644EA58101}
		{2A61F6F3-9DF5-49E8-824D-6F228F071838} = {58EB08B7-3444-44FD-BCB9-640F0981B0E0}
		{4F0342A3-2F09-4406-BA2A-08ABE82AC680} = {58EB08B7-3444-44FD-BCB9-640F0981B0E0}
		{2BC86878-4401-43A6-A9C1-8D87FF7D9285} = {58EB08B7-3444-44FD-BCB9-640F0981B0E0}
	EndGlobalSection
	GlobalSection(ExtensibilityGlobals) = postSolution
		SolutionGuid = {4B84DBF6-F519-49D2-901A-36075365E5F5}
	EndGlobalSection
EndGlobal
